// !$*UTF8*$!
{
	archiveVersion = 1;
	classes = {
	};
	objectVersion = 50;
	objects = {

/* Begin PBXBuildFile section */
		4E1593B3221BEEF000921B86 /* SRRNLogger.h in CopyFiles */ = {isa = PBXBuildFile; fileRef = 4E8FC1B2221BE416002A123B /* SRRNLogger.h */; };
		4E3882A5222631DC004A552E /* SRRNWebServer.m in Sources */ = {isa = PBXBuildFile; fileRef = 4E3882A4222631DC004A552E /* SRRNWebServer.m */; };
		4E3882D622263923004A552E /* NSString+SRRNKit.m in Sources */ = {isa = PBXBuildFile; fileRef = 4E3882D522263923004A552E /* NSString+SRRNKit.m */; };
		4E3883072227804A004A552E /* NSObject+SRRNKit.m in Sources */ = {isa = PBXBuildFile; fileRef = 4E3883062227804A004A552E /* NSObject+SRRNKit.m */; };
		4E8FC1AA221BE3C0002A123B /* SRRNKit.m in Sources */ = {isa = PBXBuildFile; fileRef = 4E8FC1A9221BE3C0002A123B /* SRRNKit.m */; };
		4E8FC1AB221BE3C0002A123B /* SRRNKit.h in CopyFiles */ = {isa = PBXBuildFile; fileRef = 4E8FC1A8221BE3C0002A123B /* SRRNKit.h */; };
		4E8FC1B4221BE416002A123B /* SRRNLogger.m in Sources */ = {isa = PBXBuildFile; fileRef = 4E8FC1B3221BE416002A123B /* SRRNLogger.m */; };
		4E9DC0202456C6F200ECA820 /* UIViewController+SRRNKit.m in Sources */ = {isa = PBXBuildFile; fileRef = 4E9DC01F2456C6F200ECA820 /* UIViewController+SRRNKit.m */; };
		4E9DC0232456E2C400ECA820 /* UINavigationController+SRRNKit.m in Sources */ = {isa = PBXBuildFile; fileRef = 4E9DC0222456E2C400ECA820 /* UINavigationController+SRRNKit.m */; };
		4E9DC027245AB1B700ECA820 /* SRRNProgressHUD.m in Sources */ = {isa = PBXBuildFile; fileRef = 4E9DC026245AB1B700ECA820 /* SRRNProgressHUD.m */; };
		4E9DC02E245AB38200ECA820 /* UIView+SRRNKit.m in Sources */ = {isa = PBXBuildFile; fileRef = 4E9DC02D245AB38200ECA820 /* UIView+SRRNKit.m */; };
		4E9DC030245AC72900ECA820 /* SRRNGif.m in Sources */ = {isa = PBXBuildFile; fileRef = 4E9DC02F245AC72900ECA820 /* SRRNGif.m */; };
		4E9DC043246AA68E00ECA820 /* SRRNKitExtensions.h in CopyFiles */ = {isa = PBXBuildFile; fileRef = 4E3882D722265155004A552E /* SRRNKitExtensions.h */; };
		4E9DC044246AA68E00ECA820 /* NSObject+SRRNKit.h in CopyFiles */ = {isa = PBXBuildFile; fileRef = 4E3883052227804A004A552E /* NSObject+SRRNKit.h */; };
		4E9DC045246AA68E00ECA820 /* NSString+SRRNKit.h in CopyFiles */ = {isa = PBXBuildFile; fileRef = 4E3882D422263923004A552E /* NSString+SRRNKit.h */; };
		4E9DC046246AA68E00ECA820 /* UIViewController+SRRNKit.h in CopyFiles */ = {isa = PBXBuildFile; fileRef = 4E9DC01E2456C6F200ECA820 /* UIViewController+SRRNKit.h */; };
		4E9DC047246AA68E00ECA820 /* UINavigationController+SRRNKit.h in CopyFiles */ = {isa = PBXBuildFile; fileRef = 4E9DC0212456E2C400ECA820 /* UINavigationController+SRRNKit.h */; };
		4E9DC048246AA68E00ECA820 /* UIView+SRRNKit.h in CopyFiles */ = {isa = PBXBuildFile; fileRef = 4E9DC02C245AB38200ECA820 /* UIView+SRRNKit.h */; };
		4E9DC049246AA68E00ECA820 /* SRRNGif.h in CopyFiles */ = {isa = PBXBuildFile; fileRef = 4E9DC029245AB20700ECA820 /* SRRNGif.h */; };
		4E9DC04A246AA68E00ECA820 /* SRRNNavigationBar.h in CopyFiles */ = {isa = PBXBuildFile; fileRef = 4EC71F2E2456BFB80019CA4E /* SRRNNavigationBar.h */; };
		4E9DC04B246AA68E00ECA820 /* SRRNNavigationItem.h in CopyFiles */ = {isa = PBXBuildFile; fileRef = 4EC71F2C2456BFB80019CA4E /* SRRNNavigationItem.h */; };
		4E9DC04C246AA68E00ECA820 /* SRRNNavigationController.h in CopyFiles */ = {isa = PBXBuildFile; fileRef = 4EC71F372456BFFD0019CA4E /* SRRNNavigationController.h */; };
		4E9DC04D246AA68E00ECA820 /* SRRNProgressHUD.h in CopyFiles */ = {isa = PBXBuildFile; fileRef = 4E9DC025245AB1B700ECA820 /* SRRNProgressHUD.h */; };
		4E9DC04E246AA68E00ECA820 /* SRRNViewController.h in CopyFiles */ = {isa = PBXBuildFile; fileRef = 4EC71F332456BFB80019CA4E /* SRRNViewController.h */; };
		4E9DC04F246AA68E00ECA820 /* SRRNWebServer.h in CopyFiles */ = {isa = PBXBuildFile; fileRef = 4E3882A3222631DC004A552E /* SRRNWebServer.h */; };
		4E9DC050246AA68E00ECA820 /* SRRNUtilities.h in CopyFiles */ = {isa = PBXBuildFile; fileRef = 4EC71F2324519B1A0019CA4E /* SRRNUtilities.h */; };
		4EC71F2524519B1A0019CA4E /* SRRNUtilities.m in Sources */ = {isa = PBXBuildFile; fileRef = 4EC71F2424519B1A0019CA4E /* SRRNUtilities.m */; };
		4EC71F342456BFB80019CA4E /* SRRNNavigationBar.m in Sources */ = {isa = PBXBuildFile; fileRef = 4EC71F2D2456BFB80019CA4E /* SRRNNavigationBar.m */; };
		4EC71F352456BFB80019CA4E /* SRRNNavigationItem.m in Sources */ = {isa = PBXBuildFile; fileRef = 4EC71F2F2456BFB80019CA4E /* SRRNNavigationItem.m */; };
		4EC71F362456BFB80019CA4E /* SRRNViewController.m in Sources */ = {isa = PBXBuildFile; fileRef = 4EC71F322456BFB80019CA4E /* SRRNViewController.m */; };
		4EC71F392456BFFD0019CA4E /* SRRNNavigationController.m in Sources */ = {isa = PBXBuildFile; fileRef = 4EC71F382456BFFD0019CA4E /* SRRNNavigationController.m */; };
		5F67B775334C45CC75CD3A3F /* libPods-SRRNKit.a in Frameworks */ = {isa = PBXBuildFile; fileRef = 5E8EBC731B86B4D0EE84AEAD /* libPods-SRRNKit.a */; };
/* End PBXBuildFile section */

/* Begin PBXCopyFilesBuildPhase section */
		4E8FC1A3221BE3C0002A123B /* CopyFiles */ = {
			isa = PBXCopyFilesBuildPhase;
			buildActionMask = 2147483647;
			dstPath = "include/$(PRODUCT_NAME)";
			dstSubfolderSpec = 16;
			files = (
				4E9DC043246AA68E00ECA820 /* SRRNKitExtensions.h in CopyFiles */,
				4E9DC044246AA68E00ECA820 /* NSObject+SRRNKit.h in CopyFiles */,
				4E9DC045246AA68E00ECA820 /* NSString+SRRNKit.h in CopyFiles */,
				4E9DC046246AA68E00ECA820 /* UIViewController+SRRNKit.h in CopyFiles */,
				4E9DC047246AA68E00ECA820 /* UINavigationController+SRRNKit.h in CopyFiles */,
				4E9DC048246AA68E00ECA820 /* UIView+SRRNKit.h in CopyFiles */,
				4E9DC049246AA68E00ECA820 /* SRRNGif.h in CopyFiles */,
				4E9DC04A246AA68E00ECA820 /* SRRNNavigationBar.h in CopyFiles */,
				4E9DC04B246AA68E00ECA820 /* SRRNNavigationItem.h in CopyFiles */,
				4E9DC04C246AA68E00ECA820 /* SRRNNavigationController.h in CopyFiles */,
				4E9DC04D246AA68E00ECA820 /* SRRNProgressHUD.h in CopyFiles */,
				4E9DC04E246AA68E00ECA820 /* SRRNViewController.h in CopyFiles */,
				4E9DC04F246AA68E00ECA820 /* SRRNWebServer.h in CopyFiles */,
				4E9DC050246AA68E00ECA820 /* SRRNUtilities.h in CopyFiles */,
				4E1593B3221BEEF000921B86 /* SRRNLogger.h in CopyFiles */,
				4E8FC1AB221BE3C0002A123B /* SRRNKit.h in CopyFiles */,
			);
			runOnlyForDeploymentPostprocessing = 0;
		};
/* End PBXCopyFilesBuildPhase section */

/* Begin PBXFileReference section */
		438806B6A5C7B3DDCB34F789 /* Pods-SRRNKit.release.xcconfig */ = {isa = PBXFileReference; includeInIndex = 1; lastKnownFileType = text.xcconfig; name = "Pods-SRRNKit.release.xcconfig"; path = "Target Support Files/Pods-SRRNKit/Pods-SRRNKit.release.xcconfig"; sourceTree = "<group>"; };
		4E3882A3222631DC004A552E /* SRRNWebServer.h */ = {isa = PBXFileReference; lastKnownFileType = sourcecode.c.h; path = SRRNWebServer.h; sourceTree = "<group>"; };
		4E3882A4222631DC004A552E /* SRRNWebServer.m */ = {isa = PBXFileReference; lastKnownFileType = sourcecode.c.objc; path = SRRNWebServer.m; sourceTree = "<group>"; };
		4E3882D422263923004A552E /* NSString+SRRNKit.h */ = {isa = PBXFileReference; lastKnownFileType = sourcecode.c.h; path = "NSString+SRRNKit.h"; sourceTree = "<group>"; };
		4E3882D522263923004A552E /* NSString+SRRNKit.m */ = {isa = PBXFileReference; lastKnownFileType = sourcecode.c.objc; path = "NSString+SRRNKit.m"; sourceTree = "<group>"; };
		4E3882D722265155004A552E /* SRRNKitExtensions.h */ = {isa = PBXFileReference; lastKnownFileType = sourcecode.c.h; path = SRRNKitExtensions.h; sourceTree = "<group>"; };
		4E3883052227804A004A552E /* NSObject+SRRNKit.h */ = {isa = PBXFileReference; lastKnownFileType = sourcecode.c.h; path = "NSObject+SRRNKit.h"; sourceTree = "<group>"; };
		4E3883062227804A004A552E /* NSObject+SRRNKit.m */ = {isa = PBXFileReference; lastKnownFileType = sourcecode.c.objc; path = "NSObject+SRRNKit.m"; sourceTree = "<group>"; };
		4E8FC1A5221BE3C0002A123B /* libSRRNKit.a */ = {isa = PBXFileReference; explicitFileType = archive.ar; includeInIndex = 0; path = libSRRNKit.a; sourceTree = BUILT_PRODUCTS_DIR; };
		4E8FC1A8221BE3C0002A123B /* SRRNKit.h */ = {isa = PBXFileReference; lastKnownFileType = sourcecode.c.h; path = SRRNKit.h; sourceTree = "<group>"; };
		4E8FC1A9221BE3C0002A123B /* SRRNKit.m */ = {isa = PBXFileReference; lastKnownFileType = sourcecode.c.objc; path = SRRNKit.m; sourceTree = "<group>"; };
		4E8FC1B2221BE416002A123B /* SRRNLogger.h */ = {isa = PBXFileReference; lastKnownFileType = sourcecode.c.h; path = SRRNLogger.h; sourceTree = "<group>"; };
		4E8FC1B3221BE416002A123B /* SRRNLogger.m */ = {isa = PBXFileReference; lastKnownFileType = sourcecode.c.objc; path = SRRNLogger.m; sourceTree = "<group>"; };
		4E9DC01E2456C6F200ECA820 /* UIViewController+SRRNKit.h */ = {isa = PBXFileReference; lastKnownFileType = sourcecode.c.h; path = "UIViewController+SRRNKit.h"; sourceTree = "<group>"; };
		4E9DC01F2456C6F200ECA820 /* UIViewController+SRRNKit.m */ = {isa = PBXFileReference; lastKnownFileType = sourcecode.c.objc; path = "UIViewController+SRRNKit.m"; sourceTree = "<group>"; };
		4E9DC0212456E2C400ECA820 /* UINavigationController+SRRNKit.h */ = {isa = PBXFileReference; lastKnownFileType = sourcecode.c.h; path = "UINavigationController+SRRNKit.h"; sourceTree = "<group>"; };
		4E9DC0222456E2C400ECA820 /* UINavigationController+SRRNKit.m */ = {isa = PBXFileReference; lastKnownFileType = sourcecode.c.objc; path = "UINavigationController+SRRNKit.m"; sourceTree = "<group>"; };
		4E9DC025245AB1B700ECA820 /* SRRNProgressHUD.h */ = {isa = PBXFileReference; lastKnownFileType = sourcecode.c.h; path = SRRNProgressHUD.h; sourceTree = "<group>"; };
		4E9DC026245AB1B700ECA820 /* SRRNProgressHUD.m */ = {isa = PBXFileReference; lastKnownFileType = sourcecode.c.objc; path = SRRNProgressHUD.m; sourceTree = "<group>"; };
		4E9DC029245AB20700ECA820 /* SRRNGif.h */ = {isa = PBXFileReference; lastKnownFileType = sourcecode.c.h; path = SRRNGif.h; sourceTree = "<group>"; };
		4E9DC02C245AB38200ECA820 /* UIView+SRRNKit.h */ = {isa = PBXFileReference; lastKnownFileType = sourcecode.c.h; path = "UIView+SRRNKit.h"; sourceTree = "<group>"; };
		4E9DC02D245AB38200ECA820 /* UIView+SRRNKit.m */ = {isa = PBXFileReference; lastKnownFileType = sourcecode.c.objc; path = "UIView+SRRNKit.m"; sourceTree = "<group>"; };
		4E9DC02F245AC72900ECA820 /* SRRNGif.m */ = {isa = PBXFileReference; lastKnownFileType = sourcecode.c.objc; path = SRRNGif.m; sourceTree = "<group>"; };
		4E9DC031246A71D400ECA820 /* PrefixHeader.pch */ = {isa = PBXFileReference; lastKnownFileType = sourcecode.c.h; path = PrefixHeader.pch; sourceTree = "<group>"; };
		4EC71F2324519B1A0019CA4E /* SRRNUtilities.h */ = {isa = PBXFileReference; lastKnownFileType = sourcecode.c.h; path = SRRNUtilities.h; sourceTree = "<group>"; };
		4EC71F2424519B1A0019CA4E /* SRRNUtilities.m */ = {isa = PBXFileReference; lastKnownFileType = sourcecode.c.objc; path = SRRNUtilities.m; sourceTree = "<group>"; };
		4EC71F2C2456BFB80019CA4E /* SRRNNavigationItem.h */ = {isa = PBXFileReference; fileEncoding = 4; lastKnownFileType = sourcecode.c.h; path = SRRNNavigationItem.h; sourceTree = "<group>"; };
		4EC71F2D2456BFB80019CA4E /* SRRNNavigationBar.m */ = {isa = PBXFileReference; fileEncoding = 4; lastKnownFileType = sourcecode.c.objc; path = SRRNNavigationBar.m; sourceTree = "<group>"; };
		4EC71F2E2456BFB80019CA4E /* SRRNNavigationBar.h */ = {isa = PBXFileReference; fileEncoding = 4; lastKnownFileType = sourcecode.c.h; path = SRRNNavigationBar.h; sourceTree = "<group>"; };
		4EC71F2F2456BFB80019CA4E /* SRRNNavigationItem.m */ = {isa = PBXFileReference; fileEncoding = 4; lastKnownFileType = sourcecode.c.objc; path = SRRNNavigationItem.m; sourceTree = "<group>"; };
		4EC71F322456BFB80019CA4E /* SRRNViewController.m */ = {isa = PBXFileReference; fileEncoding = 4; lastKnownFileType = sourcecode.c.objc; path = SRRNViewController.m; sourceTree = "<group>"; };
		4EC71F332456BFB80019CA4E /* SRRNViewController.h */ = {isa = PBXFileReference; fileEncoding = 4; lastKnownFileType = sourcecode.c.h; path = SRRNViewController.h; sourceTree = "<group>"; };
		4EC71F372456BFFD0019CA4E /* SRRNNavigationController.h */ = {isa = PBXFileReference; lastKnownFileType = sourcecode.c.h; path = SRRNNavigationController.h; sourceTree = "<group>"; };
		4EC71F382456BFFD0019CA4E /* SRRNNavigationController.m */ = {isa = PBXFileReference; lastKnownFileType = sourcecode.c.objc; path = SRRNNavigationController.m; sourceTree = "<group>"; };
		5E8EBC731B86B4D0EE84AEAD /* libPods-SRRNKit.a */ = {isa = PBXFileReference; explicitFileType = archive.ar; includeInIndex = 0; path = "libPods-SRRNKit.a"; sourceTree = BUILT_PRODUCTS_DIR; };
		F5B20D868B8758E5A2C07F88 /* Pods-SRRNKit.debug.xcconfig */ = {isa = PBXFileReference; includeInIndex = 1; lastKnownFileType = text.xcconfig; name = "Pods-SRRNKit.debug.xcconfig"; path = "Target Support Files/Pods-SRRNKit/Pods-SRRNKit.debug.xcconfig"; sourceTree = "<group>"; };
/* End PBXFileReference section */

/* Begin PBXFrameworksBuildPhase section */
		4E8FC1A2221BE3C0002A123B /* Frameworks */ = {
			isa = PBXFrameworksBuildPhase;
			buildActionMask = 2147483647;
			files = (
				5F67B775334C45CC75CD3A3F /* libPods-SRRNKit.a in Frameworks */,
			);
			runOnlyForDeploymentPostprocessing = 0;
		};
/* End PBXFrameworksBuildPhase section */

/* Begin PBXGroup section */
		4E11277B2420B31E00E49154 /* Vendors */ = {
			isa = PBXGroup;
			children = (
			);
			path = Vendors;
			sourceTree = "<group>";
		};
		4E3882A2222631B3004A552E /* SRRNWebServer */ = {
			isa = PBXGroup;
			children = (
				4E3882A3222631DC004A552E /* SRRNWebServer.h */,
				4E3882A4222631DC004A552E /* SRRNWebServer.m */,
			);
			path = SRRNWebServer;
			sourceTree = "<group>";
		};
		4E3882D322263424004A552E /* Extensions */ = {
			isa = PBXGroup;
			children = (
				4E3882D722265155004A552E /* SRRNKitExtensions.h */,
				4E3883052227804A004A552E /* NSObject+SRRNKit.h */,
				4E3883062227804A004A552E /* NSObject+SRRNKit.m */,
				4E3882D422263923004A552E /* NSString+SRRNKit.h */,
				4E3882D522263923004A552E /* NSString+SRRNKit.m */,
				4E9DC01E2456C6F200ECA820 /* UIViewController+SRRNKit.h */,
				4E9DC01F2456C6F200ECA820 /* UIViewController+SRRNKit.m */,
				4E9DC0212456E2C400ECA820 /* UINavigationController+SRRNKit.h */,
				4E9DC0222456E2C400ECA820 /* UINavigationController+SRRNKit.m */,
				4E9DC02C245AB38200ECA820 /* UIView+SRRNKit.h */,
				4E9DC02D245AB38200ECA820 /* UIView+SRRNKit.m */,
			);
			path = Extensions;
			sourceTree = "<group>";
		};
		4E8FC19C221BE3BF002A123B = {
			isa = PBXGroup;
			children = (
				4E8FC1A7221BE3C0002A123B /* SRRNKit */,
				4E8FC1A6221BE3C0002A123B /* Products */,
				8A367505EC93844EDC6EE250 /* Frameworks */,
				8BF157D1E15549D50EF92E87 /* Pods */,
			);
			sourceTree = "<group>";
		};
		4E8FC1A6221BE3C0002A123B /* Products */ = {
			isa = PBXGroup;
			children = (
				4E8FC1A5221BE3C0002A123B /* libSRRNKit.a */,
			);
			name = Products;
			sourceTree = "<group>";
		};
		4E8FC1A7221BE3C0002A123B /* SRRNKit */ = {
			isa = PBXGroup;
			children = (
				4E11277B2420B31E00E49154 /* Vendors */,
				4E3882D322263424004A552E /* Extensions */,
				4EC71F2A2456BFB80019CA4E /* SRRNUIKit */,
				4E3882A2222631B3004A552E /* SRRNWebServer */,
				4E8FC1B1221BE3D4002A123B /* SRRNLogger */,
				4EC71F2224519AFF0019CA4E /* SRRNUtilities */,
				4E8FC1A8221BE3C0002A123B /* SRRNKit.h */,
				4E8FC1A9221BE3C0002A123B /* SRRNKit.m */,
				4E9DC031246A71D400ECA820 /* PrefixHeader.pch */,
			);
			path = SRRNKit;
			sourceTree = "<group>";
		};
		4E8FC1B1221BE3D4002A123B /* SRRNLogger */ = {
			isa = PBXGroup;
			children = (
				4E8FC1B2221BE416002A123B /* SRRNLogger.h */,
				4E8FC1B3221BE416002A123B /* SRRNLogger.m */,
			);
			path = SRRNLogger;
			sourceTree = "<group>";
		};
		4E9DC024245AB18600ECA820 /* SRRNProgressHUD */ = {
			isa = PBXGroup;
			children = (
				4E9DC025245AB1B700ECA820 /* SRRNProgressHUD.h */,
				4E9DC026245AB1B700ECA820 /* SRRNProgressHUD.m */,
			);
			path = SRRNProgressHUD;
			sourceTree = "<group>";
		};
		4E9DC028245AB1E400ECA820 /* SRRNGif */ = {
			isa = PBXGroup;
			children = (
				4E9DC029245AB20700ECA820 /* SRRNGif.h */,
				4E9DC02F245AC72900ECA820 /* SRRNGif.m */,
			);
			path = SRRNGif;
			sourceTree = "<group>";
		};
		4EC71F2224519AFF0019CA4E /* SRRNUtilities */ = {
			isa = PBXGroup;
			children = (
				4EC71F2324519B1A0019CA4E /* SRRNUtilities.h */,
				4EC71F2424519B1A0019CA4E /* SRRNUtilities.m */,
			);
			path = SRRNUtilities;
			sourceTree = "<group>";
		};
		4EC71F2A2456BFB80019CA4E /* SRRNUIKit */ = {
			isa = PBXGroup;
			children = (
				4E9DC028245AB1E400ECA820 /* SRRNGif */,
				4EC71F2B2456BFB80019CA4E /* SRRNNavigationBar */,
				4EC71F3A2456C0080019CA4E /* SRRNNavigationController */,
				4E9DC024245AB18600ECA820 /* SRRNProgressHUD */,
				4EC71F302456BFB80019CA4E /* SRRNViewController */,
			);
			path = SRRNUIKit;
			sourceTree = "<group>";
		};
		4EC71F2B2456BFB80019CA4E /* SRRNNavigationBar */ = {
			isa = PBXGroup;
			children = (
				4EC71F2E2456BFB80019CA4E /* SRRNNavigationBar.h */,
				4EC71F2D2456BFB80019CA4E /* SRRNNavigationBar.m */,
				4EC71F2C2456BFB80019CA4E /* SRRNNavigationItem.h */,
				4EC71F2F2456BFB80019CA4E /* SRRNNavigationItem.m */,
			);
			path = SRRNNavigationBar;
			sourceTree = "<group>";
		};
		4EC71F302456BFB80019CA4E /* SRRNViewController */ = {
			isa = PBXGroup;
			children = (
				4EC71F332456BFB80019CA4E /* SRRNViewController.h */,
				4EC71F322456BFB80019CA4E /* SRRNViewController.m */,
			);
			path = SRRNViewController;
			sourceTree = "<group>";
		};
		4EC71F3A2456C0080019CA4E /* SRRNNavigationController */ = {
			isa = PBXGroup;
			children = (
				4EC71F372456BFFD0019CA4E /* SRRNNavigationController.h */,
				4EC71F382456BFFD0019CA4E /* SRRNNavigationController.m */,
			);
			path = SRRNNavigationController;
			sourceTree = "<group>";
		};
		8A367505EC93844EDC6EE250 /* Frameworks */ = {
			isa = PBXGroup;
			children = (
				5E8EBC731B86B4D0EE84AEAD /* libPods-SRRNKit.a */,
			);
			name = Frameworks;
			sourceTree = "<group>";
		};
		8BF157D1E15549D50EF92E87 /* Pods */ = {
			isa = PBXGroup;
			children = (
				F5B20D868B8758E5A2C07F88 /* Pods-SRRNKit.debug.xcconfig */,
				438806B6A5C7B3DDCB34F789 /* Pods-SRRNKit.release.xcconfig */,
			);
			path = Pods;
			sourceTree = "<group>";
		};
/* End PBXGroup section */

/* Begin PBXNativeTarget section */
		4E8FC1A4221BE3C0002A123B /* SRRNKit */ = {
			isa = PBXNativeTarget;
			buildConfigurationList = 4E8FC1AE221BE3C0002A123B /* Build configuration list for PBXNativeTarget "SRRNKit" */;
			buildPhases = (
				D0E84F0B8021EFCC6F17C921 /* [CP] Check Pods Manifest.lock */,
				4E8FC1A1221BE3C0002A123B /* Sources */,
				4E8FC1A2221BE3C0002A123B /* Frameworks */,
				4E8FC1A3221BE3C0002A123B /* CopyFiles */,
			);
			buildRules = (
			);
			dependencies = (
			);
			name = SRRNKit;
			productName = SRRNKit;
			productReference = 4E8FC1A5221BE3C0002A123B /* libSRRNKit.a */;
			productType = "com.apple.product-type.library.static";
		};
/* End PBXNativeTarget section */

/* Begin PBXProject section */
		4E8FC19D221BE3BF002A123B /* Project object */ = {
			isa = PBXProject;
			attributes = {
				LastUpgradeCheck = 1010;
				ORGANIZATIONNAME = "Sharow Roland";
				TargetAttributes = {
					4E8FC1A4221BE3C0002A123B = {
						CreatedOnToolsVersion = 10.1;
					};
				};
			};
			buildConfigurationList = 4E8FC1A0221BE3BF002A123B /* Build configuration list for PBXProject "SRRNKit" */;
			compatibilityVersion = "Xcode 9.3";
			developmentRegion = en;
			hasScannedForEncodings = 0;
			knownRegions = (
				en,
			);
			mainGroup = 4E8FC19C221BE3BF002A123B;
			productRefGroup = 4E8FC1A6221BE3C0002A123B /* Products */;
			projectDirPath = "";
			projectRoot = "";
			targets = (
				4E8FC1A4221BE3C0002A123B /* SRRNKit */,
			);
		};
/* End PBXProject section */

/* Begin PBXShellScriptBuildPhase section */
		D0E84F0B8021EFCC6F17C921 /* [CP] Check Pods Manifest.lock */ = {
			isa = PBXShellScriptBuildPhase;
			buildActionMask = 2147483647;
			files = (
			);
			inputFileListPaths = (
			);
			inputPaths = (
				"${PODS_PODFILE_DIR_PATH}/Podfile.lock",
				"${PODS_ROOT}/Manifest.lock",
			);
			name = "[CP] Check Pods Manifest.lock";
			outputFileListPaths = (
			);
			outputPaths = (
				"$(DERIVED_FILE_DIR)/Pods-SRRNKit-checkManifestLockResult.txt",
			);
			runOnlyForDeploymentPostprocessing = 0;
			shellPath = /bin/sh;
			shellScript = "diff \"${PODS_PODFILE_DIR_PATH}/Podfile.lock\" \"${PODS_ROOT}/Manifest.lock\" > /dev/null\nif [ $? != 0 ] ; then\n    # print error to STDERR\n    echo \"error: The sandbox is not in sync with the Podfile.lock. Run 'pod install' or update your CocoaPods installation.\" >&2\n    exit 1\nfi\n# This output is used by Xcode 'outputs' to avoid re-running this script phase.\necho \"SUCCESS\" > \"${SCRIPT_OUTPUT_FILE_0}\"\n";
			showEnvVarsInLog = 0;
		};
/* End PBXShellScriptBuildPhase section */

/* Begin PBXSourcesBuildPhase section */
		4E8FC1A1221BE3C0002A123B /* Sources */ = {
			isa = PBXSourcesBuildPhase;
			buildActionMask = 2147483647;
			files = (
				4EC71F352456BFB80019CA4E /* SRRNNavigationItem.m in Sources */,
				4E9DC030245AC72900ECA820 /* SRRNGif.m in Sources */,
				4EC71F342456BFB80019CA4E /* SRRNNavigationBar.m in Sources */,
				4E3882A5222631DC004A552E /* SRRNWebServer.m in Sources */,
				4EC71F2524519B1A0019CA4E /* SRRNUtilities.m in Sources */,
				4E3883072227804A004A552E /* NSObject+SRRNKit.m in Sources */,
				4E9DC0202456C6F200ECA820 /* UIViewController+SRRNKit.m in Sources */,
				4E3882D622263923004A552E /* NSString+SRRNKit.m in Sources */,
				4E8FC1B4221BE416002A123B /* SRRNLogger.m in Sources */,
				4E8FC1AA221BE3C0002A123B /* SRRNKit.m in Sources */,
				4EC71F392456BFFD0019CA4E /* SRRNNavigationController.m in Sources */,
				4E9DC02E245AB38200ECA820 /* UIView+SRRNKit.m in Sources */,
				4E9DC0232456E2C400ECA820 /* UINavigationController+SRRNKit.m in Sources */,
				4EC71F362456BFB80019CA4E /* SRRNViewController.m in Sources */,
				4E9DC027245AB1B700ECA820 /* SRRNProgressHUD.m in Sources */,
			);
			runOnlyForDeploymentPostprocessing = 0;
		};
/* End PBXSourcesBuildPhase section */

/* Begin XCBuildConfiguration section */
		4E8FC1AC221BE3C0002A123B /* Debug */ = {
			isa = XCBuildConfiguration;
			buildSettings = {
				ALWAYS_SEARCH_USER_PATHS = NO;
				CLANG_ANALYZER_NONNULL = YES;
				CLANG_ANALYZER_NUMBER_OBJECT_CONVERSION = YES_AGGRESSIVE;
				CLANG_CXX_LANGUAGE_STANDARD = "gnu++14";
				CLANG_CXX_LIBRARY = "libc++";
				CLANG_ENABLE_MODULES = YES;
				CLANG_ENABLE_OBJC_ARC = YES;
				CLANG_ENABLE_OBJC_WEAK = YES;
				CLANG_WARN_BLOCK_CAPTURE_AUTORELEASING = YES;
				CLANG_WARN_BOOL_CONVERSION = YES;
				CLANG_WARN_COMMA = YES;
				CLANG_WARN_CONSTANT_CONVERSION = YES;
				CLANG_WARN_DEPRECATED_OBJC_IMPLEMENTATIONS = YES;
				CLANG_WARN_DIRECT_OBJC_ISA_USAGE = YES_ERROR;
				CLANG_WARN_DOCUMENTATION_COMMENTS = YES;
				CLANG_WARN_EMPTY_BODY = YES;
				CLANG_WARN_ENUM_CONVERSION = YES;
				CLANG_WARN_INFINITE_RECURSION = YES;
				CLANG_WARN_INT_CONVERSION = YES;
				CLANG_WARN_NON_LITERAL_NULL_CONVERSION = YES;
				CLANG_WARN_OBJC_IMPLICIT_RETAIN_SELF = YES;
				CLANG_WARN_OBJC_LITERAL_CONVERSION = YES;
				CLANG_WARN_OBJC_ROOT_CLASS = YES_ERROR;
				CLANG_WARN_RANGE_LOOP_ANALYSIS = YES;
				CLANG_WARN_STRICT_PROTOTYPES = YES;
				CLANG_WARN_SUSPICIOUS_MOVE = YES;
				CLANG_WARN_UNGUARDED_AVAILABILITY = YES_AGGRESSIVE;
				CLANG_WARN_UNREACHABLE_CODE = YES;
				CLANG_WARN__DUPLICATE_METHOD_MATCH = YES;
				CODE_SIGN_IDENTITY = "iPhone Developer";
				COPY_PHASE_STRIP = NO;
				DEBUG_INFORMATION_FORMAT = dwarf;
				ENABLE_STRICT_OBJC_MSGSEND = YES;
				ENABLE_TESTABILITY = YES;
				GCC_C_LANGUAGE_STANDARD = gnu11;
				GCC_DYNAMIC_NO_PIC = NO;
				GCC_NO_COMMON_BLOCKS = YES;
				GCC_OPTIMIZATION_LEVEL = 0;
				GCC_PREPROCESSOR_DEFINITIONS = (
					"DEBUG=1",
					"$(inherited)",
				);
				GCC_WARN_64_TO_32_BIT_CONVERSION = YES;
				GCC_WARN_ABOUT_RETURN_TYPE = YES_ERROR;
				GCC_WARN_UNDECLARED_SELECTOR = YES;
				GCC_WARN_UNINITIALIZED_AUTOS = YES_AGGRESSIVE;
				GCC_WARN_UNUSED_FUNCTION = YES;
				GCC_WARN_UNUSED_VARIABLE = YES;
				IPHONEOS_DEPLOYMENT_TARGET = 12.1;
				MTL_ENABLE_DEBUG_INFO = INCLUDE_SOURCE;
				MTL_FAST_MATH = YES;
				ONLY_ACTIVE_ARCH = YES;
				SDKROOT = iphoneos;
			};
			name = Debug;
		};
		4E8FC1AD221BE3C0002A123B /* Release */ = {
			isa = XCBuildConfiguration;
			buildSettings = {
				ALWAYS_SEARCH_USER_PATHS = NO;
				CLANG_ANALYZER_NONNULL = YES;
				CLANG_ANALYZER_NUMBER_OBJECT_CONVERSION = YES_AGGRESSIVE;
				CLANG_CXX_LANGUAGE_STANDARD = "gnu++14";
				CLANG_CXX_LIBRARY = "libc++";
				CLANG_ENABLE_MODULES = YES;
				CLANG_ENABLE_OBJC_ARC = YES;
				CLANG_ENABLE_OBJC_WEAK = YES;
				CLANG_WARN_BLOCK_CAPTURE_AUTORELEASING = YES;
				CLANG_WARN_BOOL_CONVERSION = YES;
				CLANG_WARN_COMMA = YES;
				CLANG_WARN_CONSTANT_CONVERSION = YES;
				CLANG_WARN_DEPRECATED_OBJC_IMPLEMENTATIONS = YES;
				CLANG_WARN_DIRECT_OBJC_ISA_USAGE = YES_ERROR;
				CLANG_WARN_DOCUMENTATION_COMMENTS = YES;
				CLANG_WARN_EMPTY_BODY = YES;
				CLANG_WARN_ENUM_CONVERSION = YES;
				CLANG_WARN_INFINITE_RECURSION = YES;
				CLANG_WARN_INT_CONVERSION = YES;
				CLANG_WARN_NON_LITERAL_NULL_CONVERSION = YES;
				CLANG_WARN_OBJC_IMPLICIT_RETAIN_SELF = YES;
				CLANG_WARN_OBJC_LITERAL_CONVERSION = YES;
				CLANG_WARN_OBJC_ROOT_CLASS = YES_ERROR;
				CLANG_WARN_RANGE_LOOP_ANALYSIS = YES;
				CLANG_WARN_STRICT_PROTOTYPES = YES;
				CLANG_WARN_SUSPICIOUS_MOVE = YES;
				CLANG_WARN_UNGUARDED_AVAILABILITY = YES_AGGRESSIVE;
				CLANG_WARN_UNREACHABLE_CODE = YES;
				CLANG_WARN__DUPLICATE_METHOD_MATCH = YES;
				CODE_SIGN_IDENTITY = "iPhone Developer";
				COPY_PHASE_STRIP = NO;
				DEBUG_INFORMATION_FORMAT = "dwarf-with-dsym";
				ENABLE_NS_ASSERTIONS = NO;
				ENABLE_STRICT_OBJC_MSGSEND = YES;
				GCC_C_LANGUAGE_STANDARD = gnu11;
				GCC_NO_COMMON_BLOCKS = YES;
				GCC_WARN_64_TO_32_BIT_CONVERSION = YES;
				GCC_WARN_ABOUT_RETURN_TYPE = YES_ERROR;
				GCC_WARN_UNDECLARED_SELECTOR = YES;
				GCC_WARN_UNINITIALIZED_AUTOS = YES_AGGRESSIVE;
				GCC_WARN_UNUSED_FUNCTION = YES;
				GCC_WARN_UNUSED_VARIABLE = YES;
				IPHONEOS_DEPLOYMENT_TARGET = 12.1;
				MTL_ENABLE_DEBUG_INFO = NO;
				MTL_FAST_MATH = YES;
				SDKROOT = iphoneos;
				VALIDATE_PRODUCT = YES;
			};
			name = Release;
		};
		4E8FC1AF221BE3C0002A123B /* Debug */ = {
			isa = XCBuildConfiguration;
			baseConfigurationReference = F5B20D868B8758E5A2C07F88 /* Pods-SRRNKit.debug.xcconfig */;
			buildSettings = {
				CODE_SIGN_STYLE = Automatic;
				DEVELOPMENT_TEAM = 6NH38MACH2;
				GCC_PREFIX_HEADER = "$(SRCROOT)/SRRNKit/PrefixHeader.pch";
				OTHER_LDFLAGS = "-ObjC";
				PRODUCT_NAME = "$(TARGET_NAME)";
				SKIP_INSTALL = YES;
				TARGETED_DEVICE_FAMILY = "1,2";
				VALID_ARCHS = "arm64 arm64e armv7 armv7s x86_64 I386";
			};
			name = Debug;
		};
		4E8FC1B0221BE3C0002A123B /* Release */ = {
			isa = XCBuildConfiguration;
			baseConfigurationReference = 438806B6A5C7B3DDCB34F789 /* Pods-SRRNKit.release.xcconfig */;
			buildSettings = {
				CODE_SIGN_STYLE = Automatic;
				DEVELOPMENT_TEAM = 6NH38MACH2;
				GCC_PREFIX_HEADER = "$(SRCROOT)/SRRNKit/PrefixHeader.pch";
				OTHER_LDFLAGS = "-ObjC";
				PRODUCT_NAME = "$(TARGET_NAME)";
				SKIP_INSTALL = YES;
				TARGETED_DEVICE_FAMILY = "1,2";
				VALID_ARCHS = "arm64 arm64e armv7 armv7s x86_64 I386";
			};
			name = Release;
		};
/* End XCBuildConfiguration section */

/* Begin XCConfigurationList section */
		4E8FC1A0221BE3BF002A123B /* Build configuration list for PBXProject "SRRNKit" */ = {
			isa = XCConfigurationList;
			buildConfigurations = (
				4E8FC1AC221BE3C0002A123B /* Debug */,
				4E8FC1AD221BE3C0002A123B /* Release */,
			);
			defaultConfigurationIsVisible = 0;
			defaultConfigurationName = Release;
		};
		4E8FC1AE221BE3C0002A123B /* Build configuration list for PBXNativeTarget "SRRNKit" */ = {
			isa = XCConfigurationList;
			buildConfigurations = (
				4E8FC1AF221BE3C0002A123B /* Debug */,
				4E8FC1B0221BE3C0002A123B /* Release */,
			);
			defaultConfigurationIsVisible = 0;
			defaultConfigurationName = Release;
		};
/* End XCConfigurationList section */
	};
	rootObject = 4E8FC19D221BE3BF002A123B /* Project object */;
}
